
Microsoft Visual Studio Solution File, Format Version 12.00
# Visual Studio 15
VisualStudioVersion = 15.0.26228.4
MinimumVisualStudioVersion = 10.0.40219.1
Project("{FAE04EC0-301F-11D3-BF4B-00C04F79EFBC}") = "Chat.BrokerService", "Chat.BrokerService\Chat.BrokerService.csproj", "{A54E14F7-2587-400C-91BC-9E3DA5BE4840}"
EndProject
Project("{FAE04EC0-301F-11D3-BF4B-00C04F79EFBC}") = "Chat.Common", "Chat.Common\Chat.Common.csproj", "{EFD7BA48-1763-4E6C-A032-6B8AD12D9183}"
EndProject
Project("{FAE04EC0-301F-11D3-BF4B-00C04F79EFBC}") = "Chat.Client", "Chat.Client\Chat.Client.csproj", "{E8F8BC7C-B6B6-49CD-BFD1-E6D3C785309D}"
EndProject
Project("{FAE04EC0-301F-11D3-BF4B-00C04F79EFBC}") = "Chat.DomainModel", "Chat.DomainModel\Chat.DomainModel.csproj", "{69368AD5-6632-4912-B9BE-E8C1FF6BE540}"
EndProject
Global
	GlobalSection(SolutionConfigurationPlatforms) = preSolution
		Debug|Any CPU = Debug|Any CPU
		Release|Any CPU = Release|Any CPU
	EndGlobalSection
	GlobalSection(ProjectConfigurationPlatforms) = postSolution
		{A54E14F7-2587-400C-91BC-9E3DA5BE4840}.Debug|Any CPU.ActiveCfg = Debug|Any CPU
		{A54E14F7-2587-400C-91BC-9E3DA5BE4840}.Debug|Any CPU.Build.0 = Debug|Any CPU
		{A54E14F7-2587-400C-91BC-9E3DA5BE4840}.Release|Any CPU.ActiveCfg = Release|Any CPU
		{A54E14F7-2587-400C-91BC-9E3DA5BE4840}.Release|Any CPU.Build.0 = Release|Any CPU
		{EFD7BA48-1763-4E6C-A032-6B8AD12D9183}.Debug|Any CPU.ActiveCfg = Debug|Any CPU
		{EFD7BA48-1763-4E6C-A032-6B8AD12D9183}.Debug|Any CPU.Build.0 = Debug|Any CPU
		{EFD7BA48-1763-4E6C-A032-6B8AD12D9183}.Release|Any CPU.ActiveCfg = Release|Any CPU
		{EFD7BA48-1763-4E6C-A032-6B8AD12D9183}.Release|Any CPU.Build.0 = Release|Any CPU
		{E8F8BC7C-B6B6-49CD-BFD1-E6D3C785309D}.Debug|Any CPU.ActiveCfg = Debug|Any CPU
		{E8F8BC7C-B6B6-49CD-BFD1-E6D3C785309D}.Debug|Any CPU.Build.0 = Debug|Any CPU
		{E8F8BC7C-B6B6-49CD-BFD1-E6D3C785309D}.Release|Any CPU.ActiveCfg = Release|Any CPU
		{E8F8BC7C-B6B6-49CD-BFD1-E6D3C785309D}.Release|Any CPU.Build.0 = Release|Any CPU
		{69368AD5-6632-4912-B9BE-E8C1FF6BE540}.Debug|Any CPU.ActiveCfg = Debug|Any CPU
		{69368AD5-6632-4912-B9BE-E8C1FF6BE540}.Debug|Any CPU.Build.0 = Debug|Any CPU
		{69368AD5-6632-4912-B9BE-E8C1FF6BE540}.Release|Any CPU.ActiveCfg = Release|Any CPU
		{69368AD5-6632-4912-B9BE-E8C1FF6BE540}.Release|Any CPU.Build.0 = Release|Any CPU
	EndGlobalSection
	GlobalSection(SolutionProperties) = preSolution
		HideSolutionNode = FALSE
	EndGlobalSection
	GlobalSection(ExtensibilityGlobals) = postSolution
		SolutionGuid = {6294F9A2-AADC-4ABD-AFDD-09FF54832DCA}
	EndGlobalSection
EndGlobal
