
Microsoft Visual Studio Solution File, Format Version 12.00
# Visual Studio 15
VisualStudioVersion = 15.0.26228.4
MinimumVisualStudioVersion = 10.0.40219.1
Project("{FAE04EC0-301F-11D3-BF4B-00C04F79EFBC}") = "Mqtt.BrokerClient", "Mqtt.BrokerClient\Mqtt.BrokerClient.csproj", "{B97EACB1-8D05-47B9-A5B3-E3EC0EFCE60B}"
EndProject
Project("{FAE04EC0-301F-11D3-BF4B-00C04F79EFBC}") = "Mqtt.Client", "Mqtt.Client\Mqtt.Client.csproj", "{57FF7ED8-28AF-4786-A666-693B52097F8D}"
EndProject
Project("{FAE04EC0-301F-11D3-BF4B-00C04F79EFBC}") = "Mqtt.Common", "Mqtt.Common\Mqtt.Common.csproj", "{0C4C414D-E1AB-4728-A257-0C2D09137297}"
EndProject
Project("{FAE04EC0-301F-11D3-BF4B-00C04F79EFBC}") = "Mqtt.DomainModel", "Mqtt.DomainModel\Mqtt.DomainModel.csproj", "{79C49A69-22CF-4125-83B3-F0B755D2D6B6}"
EndProject
Project("{FAE04EC0-301F-11D3-BF4B-00C04F79EFBC}") = "Mqtt.Broker", "Mqtt.Broker\Mqtt.Broker.csproj", "{3AA1C729-2E39-4381-9573-CACC98099AE1}"
EndProject
Global
	GlobalSection(SolutionConfigurationPlatforms) = preSolution
		Debug|Any CPU = Debug|Any CPU
		Release|Any CPU = Release|Any CPU
	EndGlobalSection
	GlobalSection(ProjectConfigurationPlatforms) = postSolution
		{B97EACB1-8D05-47B9-A5B3-E3EC0EFCE60B}.Debug|Any CPU.ActiveCfg = Debug|Any CPU
		{B97EACB1-8D05-47B9-A5B3-E3EC0EFCE60B}.Debug|Any CPU.Build.0 = Debug|Any CPU
		{B97EACB1-8D05-47B9-A5B3-E3EC0EFCE60B}.Release|Any CPU.ActiveCfg = Release|Any CPU
		{B97EACB1-8D05-47B9-A5B3-E3EC0EFCE60B}.Release|Any CPU.Build.0 = Release|Any CPU
		{57FF7ED8-28AF-4786-A666-693B52097F8D}.Debug|Any CPU.ActiveCfg = Debug|Any CPU
		{57FF7ED8-28AF-4786-A666-693B52097F8D}.Debug|Any CPU.Build.0 = Debug|Any CPU
		{57FF7ED8-28AF-4786-A666-693B52097F8D}.Release|Any CPU.ActiveCfg = Release|Any CPU
		{57FF7ED8-28AF-4786-A666-693B52097F8D}.Release|Any CPU.Build.0 = Release|Any CPU
		{0C4C414D-E1AB-4728-A257-0C2D09137297}.Debug|Any CPU.ActiveCfg = Debug|Any CPU
		{0C4C414D-E1AB-4728-A257-0C2D09137297}.Debug|Any CPU.Build.0 = Debug|Any CPU
		{0C4C414D-E1AB-4728-A257-0C2D09137297}.Release|Any CPU.ActiveCfg = Release|Any CPU
		{0C4C414D-E1AB-4728-A257-0C2D09137297}.Release|Any CPU.Build.0 = Release|Any CPU
		{79C49A69-22CF-4125-83B3-F0B755D2D6B6}.Debug|Any CPU.ActiveCfg = Debug|Any CPU
		{79C49A69-22CF-4125-83B3-F0B755D2D6B6}.Debug|Any CPU.Build.0 = Debug|Any CPU
		{79C49A69-22CF-4125-83B3-F0B755D2D6B6}.Release|Any CPU.ActiveCfg = Release|Any CPU
		{79C49A69-22CF-4125-83B3-F0B755D2D6B6}.Release|Any CPU.Build.0 = Release|Any CPU
		{3AA1C729-2E39-4381-9573-CACC98099AE1}.Debug|Any CPU.ActiveCfg = Debug|Any CPU
		{3AA1C729-2E39-4381-9573-CACC98099AE1}.Debug|Any CPU.Build.0 = Debug|Any CPU
		{3AA1C729-2E39-4381-9573-CACC98099AE1}.Release|Any CPU.ActiveCfg = Release|Any CPU
		{3AA1C729-2E39-4381-9573-CACC98099AE1}.Release|Any CPU.Build.0 = Release|Any CPU
	EndGlobalSection
	GlobalSection(SolutionProperties) = preSolution
		HideSolutionNode = FALSE
	EndGlobalSection
	GlobalSection(ExtensibilityGlobals) = postSolution
		SolutionGuid = {F2567F26-8E69-4569-8468-0BEB67ADB865}
	EndGlobalSection
EndGlobal
